name: ro-crate
channels:
  - conda-forge
  - defaults
dependencies:
  - brotlipy=0.7.0=py38h5406a74_1001
  - c-ares=1.17.1=hc929b4f_0
  - ca-certificates=2021.1.19=hecd8cb5_0
  - certifi=2020.12.5=py38hecd8cb5_0
  - cffi=1.14.4=py38h979bc6b_1
  - chardet=3.0.4=py38h5347e94_1008
  - click=7.1.2=pyh9f0ad1d_0
  - coreutils=8.31=h0b31af3_0
  - cryptography=3.4.4=py38h43df06b_0
  - curl=7.71.1=hcb81553_8
  - gdbm=1.18=h8a0c380_2
  - gettext=0.19.8.1=h7937167_1005
  - gmp=6.2.1=h2e338ed_0
  - idna=2.10=pyh9f0ad1d_0
  - krb5=1.17.2=h60d9502_0
  - libcurl=7.71.1=h9bf37e3_8
  - libcxx=11.0.1=habf9029_0
  - libedit=3.1.20191231=h0678c8f_2
  - libev=4.33=haf1e3a3_1
  - libffi=3.3=h046ec9c_2
  - libiconv=1.16=haf1e3a3_0
  - libnghttp2=1.43.0=h07e645a_0
  - libssh2=1.9.0=h8a08a2b_5
  - make=4.3=h22f3db7_1
  - ncurses=6.2=h2e338ed_4
  - nodejs=10.13.0=h0a44026_0
  - openssl=1.1.1i=h9ed2024_0
  - pandoc=2.11.4=h35c211d_0
  - panflute=1.12.5=py_0
  - pip=21.0.1=pyhd8ed1ab_0
  - pycparser=2.20=pyh9f0ad1d_2
  - pyopenssl=20.0.1=pyhd8ed1ab_0
  - pysocks=1.7.1=py38h50d1736_3
  - python=3.8.6=h624753d_5_cpython
  - python_abi=3.8=1_cp38
  - pyyaml=5.4.1=py38h5406a74_0
  - rb-addressable=2.7.0=hc42de5b_0
  - rb-colorator=1.1.0=hc42de5b_0
  - rb-concurrent-ruby=1.1.6=hc42de5b_0
  - rb-em-websocket=0.5.1=hc42de5b_1
  - rb-eventmachine=1.2.7=h3437904_2
  - rb-ffi=1.11.1=h09b45be_2
  - rb-forwardable-extended=2.6.0=hc42de5b_0
  - rb-http_parser.rb=0.6.0=h1d5a451_1
  - rb-i18n=1.7.0=hc42de5b_0
  - rb-jekyll=4.0.0=hc42de5b_0
  - rb-jekyll-sass-converter=2.0.1=hc42de5b_0
  - rb-jekyll-watch=2.2.1=hc42de5b_1
  - rb-kramdown=2.3.0=0
  - rb-kramdown-parser-gfm=1.1.0=hc42de5b_0
  - rb-liquid=4.0.3=hc42de5b_1
  - rb-listen=3.2.1=hc42de5b_0
  - rb-mercenary=0.3.6=hc42de5b_0
  - rb-pathutil=0.16.2=hc42de5b_0
  - rb-public_suffix=4.0.1=hc42de5b_0
  - rb-rb-fsevent=0.10.3=hc42de5b_1
  - rb-rb-inotify=0.10.1=hc42de5b_0
  - rb-rouge=3.16.0=hc42de5b_0
  - rb-ruby_dep=1.5.0=hc42de5b_1
  - rb-safe_yaml=1.0.5=hc42de5b_0
  - rb-sassc=2.3.0=h5c00d4b_0
  - rb-terminal-table=1.8.0=hc42de5b_0
  - rb-unicode-display_width=1.6.0=hc42de5b_0
  - readline=8.0=h0678c8f_2
  - requests=2.24.0=pyh9f0ad1d_0
  - ruby=2.6.6=hf0cbd5d_2
  - setuptools=49.6.0=py38h50d1736_3
  - six=1.15.0=pyh9f0ad1d_0
  - sqlite=3.34.0=h17101e1_0
  - tar=1.34=hbb58dfb_0
  - tk=8.6.10=h0419947_1
  - urllib3=1.25.11=py_0
  - wheel=0.36.2=pyhd3deb0d_0
  - xz=5.2.5=haf1e3a3_1
  - yaml=0.2.5=haf1e3a3_0
  - zlib=1.2.11=h7795811_1010
prefix: /Users/stain/miniconda3/envs/ro-crate
